
Microsoft Visual Studio Solution File, Format Version 12.00
# Visual Studio Version 17
VisualStudioVersion = 17.3.32825.248
MinimumVisualStudioVersion = 10.0.40219.1
Project("{FAE04EC0-301F-11D3-BF4B-00C04F79EFBC}") = "Simple-Shop-Project", "Simple-Shop-Project\Simple-Shop-Project.csproj", "{BA389F55-FA80-4C8E-B68A-D4A45EE4DDDC}"
EndProject
Global
	GlobalSection(SolutionConfigurationPlatforms) = preSolution
		Debug|Any CPU = Debug|Any CPU
		Release|Any CPU = Release|Any CPU
	EndGlobalSection
	GlobalSection(ProjectConfigurationPlatforms) = postSolution
		{BA389F55-FA80-4C8E-B68A-D4A45EE4DDDC}.Debug|Any CPU.ActiveCfg = Debug|Any CPU
		{BA389F55-FA80-4C8E-B68A-D4A45EE4DDDC}.Debug|Any CPU.Build.0 = Debug|Any CPU
		{BA389F55-FA80-4C8E-B68A-D4A45EE4DDDC}.Release|Any CPU.ActiveCfg = Release|Any CPU
		{BA389F55-FA80-4C8E-B68A-D4A45EE4DDDC}.Release|Any CPU.Build.0 = Release|Any CPU
	EndGlobalSection
	GlobalSection(SolutionProperties) = preSolution
		HideSolutionNode = FALSE
	EndGlobalSection
	GlobalSection(ExtensibilityGlobals) = postSolution
		SolutionGuid = {265F9E2F-8689-49AA-99D9-2687A0113D1F}
	EndGlobalSection
EndGlobal
